
Microsoft Visual Studio Solution File, Format Version 12.00
# Visual Studio Version 16
VisualStudioVersion = 16.0.31702.278
MinimumVisualStudioVersion = 10.0.40219.1
Project("{9A19103F-16F7-4668-BE54-9A1E7A4F7556}") = "MicroservicesResearch", "MicroservicesResearch\MicroservicesResearch.csproj", "{61C68CCC-5D5C-48A6-B150-68AFE66A1E99}"
EndProject
Project("{00D1A9C2-B5F0-4AF3-8072-F6C62B433612}") = "MicroservicesResearch.DB", "MicroservicesResearch.DB\MicroservicesResearch.DB.sqlproj", "{6BF21835-0FB2-4E9F-B580-8122D3A2B752}"
EndProject
Global
	GlobalSection(SolutionConfigurationPlatforms) = preSolution
		Debug|Any CPU = Debug|Any CPU
		Release|Any CPU = Release|Any CPU
	EndGlobalSection
	GlobalSection(ProjectConfigurationPlatforms) = postSolution
		{61C68CCC-5D5C-48A6-B150-68AFE66A1E99}.Debug|Any CPU.ActiveCfg = Debug|Any CPU
		{61C68CCC-5D5C-48A6-B150-68AFE66A1E99}.Debug|Any CPU.Build.0 = Debug|Any CPU
		{61C68CCC-5D5C-48A6-B150-68AFE66A1E99}.Release|Any CPU.ActiveCfg = Release|Any CPU
		{61C68CCC-5D5C-48A6-B150-68AFE66A1E99}.Release|Any CPU.Build.0 = Release|Any CPU
		{6BF21835-0FB2-4E9F-B580-8122D3A2B752}.Debug|Any CPU.ActiveCfg = Debug|Any CPU
		{6BF21835-0FB2-4E9F-B580-8122D3A2B752}.Debug|Any CPU.Build.0 = Debug|Any CPU
		{6BF21835-0FB2-4E9F-B580-8122D3A2B752}.Debug|Any CPU.Deploy.0 = Debug|Any CPU
		{6BF21835-0FB2-4E9F-B580-8122D3A2B752}.Release|Any CPU.ActiveCfg = Release|Any CPU
		{6BF21835-0FB2-4E9F-B580-8122D3A2B752}.Release|Any CPU.Build.0 = Release|Any CPU
		{6BF21835-0FB2-4E9F-B580-8122D3A2B752}.Release|Any CPU.Deploy.0 = Release|Any CPU
	EndGlobalSection
	GlobalSection(SolutionProperties) = preSolution
		HideSolutionNode = FALSE
	EndGlobalSection
	GlobalSection(ExtensibilityGlobals) = postSolution
		SolutionGuid = {43A2E32C-6812-4B72-94DF-34C9CABFAC77}
	EndGlobalSection
EndGlobal
